
Microsoft Visual Studio Solution File, Format Version 12.00
# Visual Studio Version 17
VisualStudioVersion = 17.4.33213.308
MinimumVisualStudioVersion = 10.0.40219.1
Project("{FAE04EC0-301F-11D3-BF4B-00C04F79EFBC}") = "CalanderCSharp", "CalanderCSharp\CalanderCSharp.csproj", "{5AF36B24-F61D-472E-8F8D-8F2C3E2A09AE}"
EndProject
Global
	GlobalSection(SolutionConfigurationPlatforms) = preSolution
		Debug|Any CPU = Debug|Any CPU
		Release|Any CPU = Release|Any CPU
	EndGlobalSection
	GlobalSection(ProjectConfigurationPlatforms) = postSolution
		{5AF36B24-F61D-472E-8F8D-8F2C3E2A09AE}.Debug|Any CPU.ActiveCfg = Debug|Any CPU
		{5AF36B24-F61D-472E-8F8D-8F2C3E2A09AE}.Debug|Any CPU.Build.0 = Debug|Any CPU
		{5AF36B24-F61D-472E-8F8D-8F2C3E2A09AE}.Release|Any CPU.ActiveCfg = Release|Any CPU
		{5AF36B24-F61D-472E-8F8D-8F2C3E2A09AE}.Release|Any CPU.Build.0 = Release|Any CPU
	EndGlobalSection
	GlobalSection(SolutionProperties) = preSolution
		HideSolutionNode = FALSE
	EndGlobalSection
	GlobalSection(ExtensibilityGlobals) = postSolution
		SolutionGuid = {00C25BA3-CD4A-4801-B1F6-246F9CA66BA0}
	EndGlobalSection
EndGlobal
